
Microsoft Visual Studio Solution File, Format Version 12.00
# Visual Studio 14
VisualStudioVersion = 14.0.25123.0
MinimumVisualStudioVersion = 10.0.40219.1
Project("{2150E333-8FDC-42A3-9474-1A3956D46DE8}") = "1 - Presentation", "1 - Presentation", "{19632DC1-41B4-42AC-A7B9-F72FF4F36D06}"
EndProject
Project("{FAE04EC0-301F-11D3-BF4B-00C04F79EFBC}") = "CadnunsDev.AngularECommerce.UI.AngularJsSite", "src\CadnunsDev.AngularECommerce.UI.AngularJsSite\CadnunsDev.AngularECommerce.UI.AngularJsSite.csproj", "{841BE9E4-A0AA-4DDF-A861-CD56132AAC19}"
EndProject
Project("{2150E333-8FDC-42A3-9474-1A3956D46DE8}") = "6 - Tests", "6 - Tests", "{30A0F7CD-F0DB-4A44-B5CF-CC414967B6C4}"
EndProject
Project("{FAE04EC0-301F-11D3-BF4B-00C04F79EFBC}") = "CadnunsDev.AngularECommerce.Tests", "tests\CadnunsDev.AngularECommerce.Tests\CadnunsDev.AngularECommerce.Tests.csproj", "{1DC64D5C-5E09-43CC-8009-FF63486F52E2}"
EndProject
Project("{2150E333-8FDC-42A3-9474-1A3956D46DE8}") = "2  - Services", "2  - Services", "{CC02A208-FC03-4D01-9F8A-14E654BA7692}"
EndProject
Project("{2150E333-8FDC-42A3-9474-1A3956D46DE8}") = "3 - Application", "3 - Application", "{FC8BDD5D-24D7-48D2-8769-9BE23070E0C2}"
EndProject
Project("{2150E333-8FDC-42A3-9474-1A3956D46DE8}") = "4 - Domain", "4 - Domain", "{42820428-21E7-4235-B1E9-F684FA247A78}"
EndProject
Project("{2150E333-8FDC-42A3-9474-1A3956D46DE8}") = "5 - Infra", "5 - Infra", "{9FA163A8-B3FA-4241-B494-2B3187037A72}"
EndProject
Project("{2150E333-8FDC-42A3-9474-1A3956D46DE8}") = "5.1 - Data", "5.1 - Data", "{2217BA86-4B73-4DB6-8BB4-995F2D77765D}"
EndProject
Project("{2150E333-8FDC-42A3-9474-1A3956D46DE8}") = "5.2 - CrossCutting", "5.2 - CrossCutting", "{744C177C-6150-4B4B-97D7-C37E1CCB5319}"
EndProject
Project("{2150E333-8FDC-42A3-9474-1A3956D46DE8}") = "7 - Documentation", "7 - Documentation", "{91788FA7-E784-4FFD-A8C0-B30309FD1C98}"
	ProjectSection(SolutionItems) = preProject
		LICENSE = LICENSE
		README.md = README.md
	EndProjectSection
EndProject
Project("{FAE04EC0-301F-11D3-BF4B-00C04F79EFBC}") = "CadnunsDev.AngularECommerce.Domain", "src\CadnunsDev.AngularECommerce.Domain\CadnunsDev.AngularECommerce.Domain.csproj", "{371AAD2F-61D2-4693-A0F9-35EA3C0ACEDA}"
EndProject
Project("{FAE04EC0-301F-11D3-BF4B-00C04F79EFBC}") = "CadnunsDev.AngularECommerce.Infra.Data", "src\CadnunsDev.AngularECommerce.Infra.Data\CadnunsDev.AngularECommerce.Infra.Data.csproj", "{7EE927E6-96E1-484A-BAEE-EA2B02E30FBB}"
EndProject
Project("{FAE04EC0-301F-11D3-BF4B-00C04F79EFBC}") = "CadnunsDev.AngularECommerce.Application", "src\CadnunsDev.AngularECommerce.Application\CadnunsDev.AngularECommerce.Application.csproj", "{5E68DD88-C6D9-47D4-8180-35FF49911AC9}"
EndProject
Global
	GlobalSection(SolutionConfigurationPlatforms) = preSolution
		Debug|Any CPU = Debug|Any CPU
		Release|Any CPU = Release|Any CPU
	EndGlobalSection
	GlobalSection(ProjectConfigurationPlatforms) = postSolution
		{841BE9E4-A0AA-4DDF-A861-CD56132AAC19}.Debug|Any CPU.ActiveCfg = Debug|Any CPU
		{841BE9E4-A0AA-4DDF-A861-CD56132AAC19}.Debug|Any CPU.Build.0 = Debug|Any CPU
		{841BE9E4-A0AA-4DDF-A861-CD56132AAC19}.Release|Any CPU.ActiveCfg = Release|Any CPU
		{841BE9E4-A0AA-4DDF-A861-CD56132AAC19}.Release|Any CPU.Build.0 = Release|Any CPU
		{1DC64D5C-5E09-43CC-8009-FF63486F52E2}.Debug|Any CPU.ActiveCfg = Debug|Any CPU
		{1DC64D5C-5E09-43CC-8009-FF63486F52E2}.Debug|Any CPU.Build.0 = Debug|Any CPU
		{1DC64D5C-5E09-43CC-8009-FF63486F52E2}.Release|Any CPU.ActiveCfg = Release|Any CPU
		{1DC64D5C-5E09-43CC-8009-FF63486F52E2}.Release|Any CPU.Build.0 = Release|Any CPU
		{371AAD2F-61D2-4693-A0F9-35EA3C0ACEDA}.Debug|Any CPU.ActiveCfg = Debug|Any CPU
		{371AAD2F-61D2-4693-A0F9-35EA3C0ACEDA}.Debug|Any CPU.Build.0 = Debug|Any CPU
		{371AAD2F-61D2-4693-A0F9-35EA3C0ACEDA}.Release|Any CPU.ActiveCfg = Release|Any CPU
		{371AAD2F-61D2-4693-A0F9-35EA3C0ACEDA}.Release|Any CPU.Build.0 = Release|Any CPU
		{7EE927E6-96E1-484A-BAEE-EA2B02E30FBB}.Debug|Any CPU.ActiveCfg = Debug|Any CPU
		{7EE927E6-96E1-484A-BAEE-EA2B02E30FBB}.Debug|Any CPU.Build.0 = Debug|Any CPU
		{7EE927E6-96E1-484A-BAEE-EA2B02E30FBB}.Release|Any CPU.ActiveCfg = Release|Any CPU
		{7EE927E6-96E1-484A-BAEE-EA2B02E30FBB}.Release|Any CPU.Build.0 = Release|Any CPU
		{5E68DD88-C6D9-47D4-8180-35FF49911AC9}.Debug|Any CPU.ActiveCfg = Debug|Any CPU
		{5E68DD88-C6D9-47D4-8180-35FF49911AC9}.Debug|Any CPU.Build.0 = Debug|Any CPU
		{5E68DD88-C6D9-47D4-8180-35FF49911AC9}.Release|Any CPU.ActiveCfg = Release|Any CPU
		{5E68DD88-C6D9-47D4-8180-35FF49911AC9}.Release|Any CPU.Build.0 = Release|Any CPU
	EndGlobalSection
	GlobalSection(SolutionProperties) = preSolution
		HideSolutionNode = FALSE
	EndGlobalSection
	GlobalSection(NestedProjects) = preSolution
		{841BE9E4-A0AA-4DDF-A861-CD56132AAC19} = {19632DC1-41B4-42AC-A7B9-F72FF4F36D06}
		{1DC64D5C-5E09-43CC-8009-FF63486F52E2} = {30A0F7CD-F0DB-4A44-B5CF-CC414967B6C4}
		{2217BA86-4B73-4DB6-8BB4-995F2D77765D} = {9FA163A8-B3FA-4241-B494-2B3187037A72}
		{744C177C-6150-4B4B-97D7-C37E1CCB5319} = {9FA163A8-B3FA-4241-B494-2B3187037A72}
		{371AAD2F-61D2-4693-A0F9-35EA3C0ACEDA} = {42820428-21E7-4235-B1E9-F684FA247A78}
		{7EE927E6-96E1-484A-BAEE-EA2B02E30FBB} = {2217BA86-4B73-4DB6-8BB4-995F2D77765D}
		{5E68DD88-C6D9-47D4-8180-35FF49911AC9} = {FC8BDD5D-24D7-48D2-8769-9BE23070E0C2}
	EndGlobalSection
EndGlobal
